
Microsoft Visual Studio Solution File, Format Version 12.00
# Visual Studio Version 17
VisualStudioVersion = 17.7.34202.233
MinimumVisualStudioVersion = 10.0.40219.1
Project("{9A19103F-16F7-4668-BE54-9A1E7A4F7556}") = "Ecology.Shared", "Ecology.Shared\Ecology.Shared.csproj", "{9893FC9E-FC01-4F8E-AF28-020CF66E942F}"
EndProject
Project("{9A19103F-16F7-4668-BE54-9A1E7A4F7556}") = "Ecology.API", "Ecology.API\Ecology.API.csproj", "{9C1DB108-00B5-4822-8212-761AE5983999}"
EndProject
Project("{9A19103F-16F7-4668-BE54-9A1E7A4F7556}") = "Ecology.WEB", "Ecology.WEB\Ecology.WEB.csproj", "{7D61F523-8B83-4535-86EF-F84DA6D51553}"
EndProject
Global
	GlobalSection(SolutionConfigurationPlatforms) = preSolution
		Debug|Any CPU = Debug|Any CPU
		Release|Any CPU = Release|Any CPU
	EndGlobalSection
	GlobalSection(ProjectConfigurationPlatforms) = postSolution
		{9893FC9E-FC01-4F8E-AF28-020CF66E942F}.Debug|Any CPU.ActiveCfg = Debug|Any CPU
		{9893FC9E-FC01-4F8E-AF28-020CF66E942F}.Debug|Any CPU.Build.0 = Debug|Any CPU
		{9893FC9E-FC01-4F8E-AF28-020CF66E942F}.Release|Any CPU.ActiveCfg = Release|Any CPU
		{9893FC9E-FC01-4F8E-AF28-020CF66E942F}.Release|Any CPU.Build.0 = Release|Any CPU
		{9C1DB108-00B5-4822-8212-761AE5983999}.Debug|Any CPU.ActiveCfg = Debug|Any CPU
		{9C1DB108-00B5-4822-8212-761AE5983999}.Debug|Any CPU.Build.0 = Debug|Any CPU
		{9C1DB108-00B5-4822-8212-761AE5983999}.Release|Any CPU.ActiveCfg = Release|Any CPU
		{9C1DB108-00B5-4822-8212-761AE5983999}.Release|Any CPU.Build.0 = Release|Any CPU
		{7D61F523-8B83-4535-86EF-F84DA6D51553}.Debug|Any CPU.ActiveCfg = Debug|Any CPU
		{7D61F523-8B83-4535-86EF-F84DA6D51553}.Debug|Any CPU.Build.0 = Debug|Any CPU
		{7D61F523-8B83-4535-86EF-F84DA6D51553}.Release|Any CPU.ActiveCfg = Release|Any CPU
		{7D61F523-8B83-4535-86EF-F84DA6D51553}.Release|Any CPU.Build.0 = Release|Any CPU
	EndGlobalSection
	GlobalSection(SolutionProperties) = preSolution
		HideSolutionNode = FALSE
	EndGlobalSection
	GlobalSection(ExtensibilityGlobals) = postSolution
		SolutionGuid = {FBB0120A-BDE9-4BF6-8476-52450348B412}
	EndGlobalSection
EndGlobal
